
Microsoft Visual Studio Solution File, Format Version 12.00
# Visual Studio 15
VisualStudioVersion = 15.0.27428.2043
MinimumVisualStudioVersion = 10.0.40219.1
Project("{FAE04EC0-301F-11D3-BF4B-00C04F79EFBC}") = "Project", "Project\Project.csproj", "{4345F8E1-8714-4A7D-8CE0-710F0E1ECD9A}"
EndProject
Global
	GlobalSection(SolutionConfigurationPlatforms) = preSolution
		Debug|Any CPU = Debug|Any CPU
		Release|Any CPU = Release|Any CPU
	EndGlobalSection
	GlobalSection(ProjectConfigurationPlatforms) = postSolution
		{4345F8E1-8714-4A7D-8CE0-710F0E1ECD9A}.Debug|Any CPU.ActiveCfg = Debug|Any CPU
		{4345F8E1-8714-4A7D-8CE0-710F0E1ECD9A}.Debug|Any CPU.Build.0 = Debug|Any CPU
		{4345F8E1-8714-4A7D-8CE0-710F0E1ECD9A}.Release|Any CPU.ActiveCfg = Release|Any CPU
		{4345F8E1-8714-4A7D-8CE0-710F0E1ECD9A}.Release|Any CPU.Build.0 = Release|Any CPU
	EndGlobalSection
	GlobalSection(SolutionProperties) = preSolution
		HideSolutionNode = FALSE
	EndGlobalSection
	GlobalSection(ExtensibilityGlobals) = postSolution
		SolutionGuid = {A63695D4-61CF-4A2C-A278-262BCD148B96}
	EndGlobalSection
EndGlobal
